// !$*UTF8*$!
{
	archiveVersion = 1;
	classes = {
	};
	objectVersion = 46;
	objects = {

/* Begin PBXBuildFile section */
		816B62E71A925A71006DB9D8 /* TestAlert.swift in Sources */ = {isa = PBXBuildFile; fileRef = 816B62E61A925A71006DB9D8 /* TestAlert.swift */; };
		816B62E81A925A71006DB9D8 /* TestAlert.swift in Sources */ = {isa = PBXBuildFile; fileRef = 816B62E61A925A71006DB9D8 /* TestAlert.swift */; };
		816B62EA1A925A7F006DB9D8 /* TestAlertFactory.swift in Sources */ = {isa = PBXBuildFile; fileRef = 816B62E91A925A7F006DB9D8 /* TestAlertFactory.swift */; };
		816B62EB1A925A7F006DB9D8 /* TestAlertFactory.swift in Sources */ = {isa = PBXBuildFile; fileRef = 816B62E91A925A7F006DB9D8 /* TestAlertFactory.swift */; };
		816B62ED1A925D2A006DB9D8 /* TestAlertTests.swift in Sources */ = {isa = PBXBuildFile; fileRef = 816B62EC1A925D2A006DB9D8 /* TestAlertTests.swift */; };
		81932DA21A90B78000AD2330 /* ActionSheetDelegate.swift in Sources */ = {isa = PBXBuildFile; fileRef = 81932D9D1A90B78000AD2330 /* ActionSheetDelegate.swift */; };
		81932DA31A90B78000AD2330 /* ActionSheetDelegate.swift in Sources */ = {isa = PBXBuildFile; fileRef = 81932D9D1A90B78000AD2330 /* ActionSheetDelegate.swift */; };
		81932DA41A90B78000AD2330 /* AlertDelegate.swift in Sources */ = {isa = PBXBuildFile; fileRef = 81932D9E1A90B78000AD2330 /* AlertDelegate.swift */; };
		81932DA51A90B78000AD2330 /* AlertDelegate.swift in Sources */ = {isa = PBXBuildFile; fileRef = 81932D9E1A90B78000AD2330 /* AlertDelegate.swift */; };
		81932DA61A90B78000AD2330 /* AlertIOS7.swift in Sources */ = {isa = PBXBuildFile; fileRef = 81932D9F1A90B78000AD2330 /* AlertIOS7.swift */; };
		81932DA71A90B78000AD2330 /* AlertIOS7.swift in Sources */ = {isa = PBXBuildFile; fileRef = 81932D9F1A90B78000AD2330 /* AlertIOS7.swift */; };
		81932DA81A90B78000AD2330 /* AlertIOS8.swift in Sources */ = {isa = PBXBuildFile; fileRef = 81932DA01A90B78000AD2330 /* AlertIOS8.swift */; };
		81932DA91A90B78000AD2330 /* AlertIOS8.swift in Sources */ = {isa = PBXBuildFile; fileRef = 81932DA01A90B78000AD2330 /* AlertIOS8.swift */; };
		81932DAA1A90B78000AD2330 /* DelegateBase.swift in Sources */ = {isa = PBXBuildFile; fileRef = 81932DA11A90B78000AD2330 /* DelegateBase.swift */; };
		81932DAB1A90B78000AD2330 /* DelegateBase.swift in Sources */ = {isa = PBXBuildFile; fileRef = 81932DA11A90B78000AD2330 /* DelegateBase.swift */; };
		81932DAF1A90B78700AD2330 /* Alert.swift in Sources */ = {isa = PBXBuildFile; fileRef = 81932DAC1A90B78700AD2330 /* Alert.swift */; };
		81932DB01A90B78700AD2330 /* Alert.swift in Sources */ = {isa = PBXBuildFile; fileRef = 81932DAC1A90B78700AD2330 /* Alert.swift */; };
		81932DB11A90B78700AD2330 /* AlertFactory.swift in Sources */ = {isa = PBXBuildFile; fileRef = 81932DAD1A90B78700AD2330 /* AlertFactory.swift */; };
		81932DB21A90B78700AD2330 /* AlertFactory.swift in Sources */ = {isa = PBXBuildFile; fileRef = 81932DAD1A90B78700AD2330 /* AlertFactory.swift */; };
		81932DB31A90B78700AD2330 /* StandardAlertFactory.swift in Sources */ = {isa = PBXBuildFile; fileRef = 81932DAE1A90B78700AD2330 /* StandardAlertFactory.swift */; };
		81932DB41A90B78700AD2330 /* StandardAlertFactory.swift in Sources */ = {isa = PBXBuildFile; fileRef = 81932DAE1A90B78700AD2330 /* StandardAlertFactory.swift */; };
		819C93821A90AE9F00403B74 /* SwiftAlert.h in Headers */ = {isa = PBXBuildFile; fileRef = 819C93811A90AE9F00403B74 /* SwiftAlert.h */; settings = {ATTRIBUTES = (Public, ); }; };
		819C93881A90AE9F00403B74 /* SwiftAlert.framework in Frameworks */ = {isa = PBXBuildFile; fileRef = 819C937C1A90AE9F00403B74 /* SwiftAlert.framework */; };
/* End PBXBuildFile section */

/* Begin PBXContainerItemProxy section */
		819C93891A90AE9F00403B74 /* PBXContainerItemProxy */ = {
			isa = PBXContainerItemProxy;
			containerPortal = 819C93731A90AE9F00403B74 /* Project object */;
			proxyType = 1;
			remoteGlobalIDString = 819C937B1A90AE9F00403B74;
			remoteInfo = SwiftAlert;
		};
/* End PBXContainerItemProxy section */

/* Begin PBXFileReference section */
		816B62E61A925A71006DB9D8 /* TestAlert.swift */ = {isa = PBXFileReference; fileEncoding = 4; lastKnownFileType = sourcecode.swift; name = TestAlert.swift; path = Public/TestAlert.swift; sourceTree = "<group>"; };
		816B62E91A925A7F006DB9D8 /* TestAlertFactory.swift */ = {isa = PBXFileReference; fileEncoding = 4; lastKnownFileType = sourcecode.swift; name = TestAlertFactory.swift; path = Public/TestAlertFactory.swift; sourceTree = "<group>"; };
		816B62EC1A925D2A006DB9D8 /* TestAlertTests.swift */ = {isa = PBXFileReference; fileEncoding = 4; lastKnownFileType = sourcecode.swift; path = TestAlertTests.swift; sourceTree = "<group>"; };
		81932D9D1A90B78000AD2330 /* ActionSheetDelegate.swift */ = {isa = PBXFileReference; fileEncoding = 4; lastKnownFileType = sourcecode.swift; name = ActionSheetDelegate.swift; path = Internal/ActionSheetDelegate.swift; sourceTree = "<group>"; };
		81932D9E1A90B78000AD2330 /* AlertDelegate.swift */ = {isa = PBXFileReference; fileEncoding = 4; lastKnownFileType = sourcecode.swift; name = AlertDelegate.swift; path = Internal/AlertDelegate.swift; sourceTree = "<group>"; };
		81932D9F1A90B78000AD2330 /* AlertIOS7.swift */ = {isa = PBXFileReference; fileEncoding = 4; lastKnownFileType = sourcecode.swift; name = AlertIOS7.swift; path = Internal/AlertIOS7.swift; sourceTree = "<group>"; };
		81932DA01A90B78000AD2330 /* AlertIOS8.swift */ = {isa = PBXFileReference; fileEncoding = 4; lastKnownFileType = sourcecode.swift; name = AlertIOS8.swift; path = Internal/AlertIOS8.swift; sourceTree = "<group>"; };
		81932DA11A90B78000AD2330 /* DelegateBase.swift */ = {isa = PBXFileReference; fileEncoding = 4; lastKnownFileType = sourcecode.swift; name = DelegateBase.swift; path = Internal/DelegateBase.swift; sourceTree = "<group>"; };
		81932DAC1A90B78700AD2330 /* Alert.swift */ = {isa = PBXFileReference; fileEncoding = 4; lastKnownFileType = sourcecode.swift; name = Alert.swift; path = Public/Alert.swift; sourceTree = "<group>"; };
		81932DAD1A90B78700AD2330 /* AlertFactory.swift */ = {isa = PBXFileReference; fileEncoding = 4; lastKnownFileType = sourcecode.swift; name = AlertFactory.swift; path = Public/AlertFactory.swift; sourceTree = "<group>"; };
		81932DAE1A90B78700AD2330 /* StandardAlertFactory.swift */ = {isa = PBXFileReference; fileEncoding = 4; lastKnownFileType = sourcecode.swift; name = StandardAlertFactory.swift; path = Public/StandardAlertFactory.swift; sourceTree = "<group>"; };
		819C937C1A90AE9F00403B74 /* SwiftAlert.framework */ = {isa = PBXFileReference; explicitFileType = wrapper.framework; includeInIndex = 0; path = SwiftAlert.framework; sourceTree = BUILT_PRODUCTS_DIR; };
		819C93801A90AE9F00403B74 /* Info.plist */ = {isa = PBXFileReference; lastKnownFileType = text.plist.xml; path = Info.plist; sourceTree = "<group>"; };
		819C93811A90AE9F00403B74 /* SwiftAlert.h */ = {isa = PBXFileReference; lastKnownFileType = sourcecode.c.h; path = SwiftAlert.h; sourceTree = "<group>"; };
		819C93871A90AE9F00403B74 /* SwiftAlertTests.xctest */ = {isa = PBXFileReference; explicitFileType = wrapper.cfbundle; includeInIndex = 0; path = SwiftAlertTests.xctest; sourceTree = BUILT_PRODUCTS_DIR; };
		819C938D1A90AE9F00403B74 /* Info.plist */ = {isa = PBXFileReference; lastKnownFileType = text.plist.xml; path = Info.plist; sourceTree = "<group>"; };
/* End PBXFileReference section */

/* Begin PBXFrameworksBuildPhase section */
		819C93781A90AE9F00403B74 /* Frameworks */ = {
			isa = PBXFrameworksBuildPhase;
			buildActionMask = 2147483647;
			files = (
			);
			runOnlyForDeploymentPostprocessing = 0;
		};
		819C93841A90AE9F00403B74 /* Frameworks */ = {
			isa = PBXFrameworksBuildPhase;
			buildActionMask = 2147483647;
			files = (
				819C93881A90AE9F00403B74 /* SwiftAlert.framework in Frameworks */,
			);
			runOnlyForDeploymentPostprocessing = 0;
		};
/* End PBXFrameworksBuildPhase section */

/* Begin PBXGroup section */
		819C93721A90AE9F00403B74 = {
			isa = PBXGroup;
			children = (
				819C937E1A90AE9F00403B74 /* SwiftAlert */,
				819C938B1A90AE9F00403B74 /* SwiftAlertTests */,
				819C937D1A90AE9F00403B74 /* Products */,
			);
			sourceTree = "<group>";
		};
		819C937D1A90AE9F00403B74 /* Products */ = {
			isa = PBXGroup;
			children = (
				819C937C1A90AE9F00403B74 /* SwiftAlert.framework */,
				819C93871A90AE9F00403B74 /* SwiftAlertTests.xctest */,
			);
			name = Products;
			sourceTree = "<group>";
		};
		819C937E1A90AE9F00403B74 /* SwiftAlert */ = {
			isa = PBXGroup;
			children = (
				819C93A01A90B11E00403B74 /* Internal */,
				819C939F1A90B11700403B74 /* Public */,
				819C93811A90AE9F00403B74 /* SwiftAlert.h */,
				819C937F1A90AE9F00403B74 /* Supporting Files */,
			);
			path = SwiftAlert;
			sourceTree = "<group>";
		};
		819C937F1A90AE9F00403B74 /* Supporting Files */ = {
			isa = PBXGroup;
			children = (
				819C93801A90AE9F00403B74 /* Info.plist */,
			);
			name = "Supporting Files";
			sourceTree = "<group>";
		};
		819C938B1A90AE9F00403B74 /* SwiftAlertTests */ = {
			isa = PBXGroup;
			children = (
				819C938C1A90AE9F00403B74 /* Supporting Files */,
				816B62EC1A925D2A006DB9D8 /* TestAlertTests.swift */,
			);
			path = SwiftAlertTests;
			sourceTree = "<group>";
		};
		819C938C1A90AE9F00403B74 /* Supporting Files */ = {
			isa = PBXGroup;
			children = (
				819C938D1A90AE9F00403B74 /* Info.plist */,
			);
			name = "Supporting Files";
			sourceTree = "<group>";
		};
		819C939F1A90B11700403B74 /* Public */ = {
			isa = PBXGroup;
			children = (
				81932DAC1A90B78700AD2330 /* Alert.swift */,
				81932DAD1A90B78700AD2330 /* AlertFactory.swift */,
				81932DAE1A90B78700AD2330 /* StandardAlertFactory.swift */,
				816B62E61A925A71006DB9D8 /* TestAlert.swift */,
				816B62E91A925A7F006DB9D8 /* TestAlertFactory.swift */,
			);
			name = Public;
			sourceTree = "<group>";
		};
		819C93A01A90B11E00403B74 /* Internal */ = {
			isa = PBXGroup;
			children = (
				81932D9D1A90B78000AD2330 /* ActionSheetDelegate.swift */,
				81932D9E1A90B78000AD2330 /* AlertDelegate.swift */,
				81932D9F1A90B78000AD2330 /* AlertIOS7.swift */,
				81932DA01A90B78000AD2330 /* AlertIOS8.swift */,
				81932DA11A90B78000AD2330 /* DelegateBase.swift */,
			);
			name = Internal;
			sourceTree = "<group>";
		};
/* End PBXGroup section */

/* Begin PBXHeadersBuildPhase section */
		819C93791A90AE9F00403B74 /* Headers */ = {
			isa = PBXHeadersBuildPhase;
			buildActionMask = 2147483647;
			files = (
				819C93821A90AE9F00403B74 /* SwiftAlert.h in Headers */,
			);
			runOnlyForDeploymentPostprocessing = 0;
		};
/* End PBXHeadersBuildPhase section */

/* Begin PBXNativeTarget section */
		819C937B1A90AE9F00403B74 /* SwiftAlert */ = {
			isa = PBXNativeTarget;
			buildConfigurationList = 819C93921A90AE9F00403B74 /* Build configuration list for PBXNativeTarget "SwiftAlert" */;
			buildPhases = (
				819C93771A90AE9F00403B74 /* Sources */,
				819C93781A90AE9F00403B74 /* Frameworks */,
				819C93791A90AE9F00403B74 /* Headers */,
				819C937A1A90AE9F00403B74 /* Resources */,
			);
			buildRules = (
			);
			dependencies = (
			);
			name = SwiftAlert;
			productName = SwiftAlert;
			productReference = 819C937C1A90AE9F00403B74 /* SwiftAlert.framework */;
			productType = "com.apple.product-type.framework";
		};
		819C93861A90AE9F00403B74 /* SwiftAlertTests */ = {
			isa = PBXNativeTarget;
			buildConfigurationList = 819C93951A90AE9F00403B74 /* Build configuration list for PBXNativeTarget "SwiftAlertTests" */;
			buildPhases = (
				819C93831A90AE9F00403B74 /* Sources */,
				819C93841A90AE9F00403B74 /* Frameworks */,
				819C93851A90AE9F00403B74 /* Resources */,
			);
			buildRules = (
			);
			dependencies = (
				819C938A1A90AE9F00403B74 /* PBXTargetDependency */,
			);
			name = SwiftAlertTests;
			productName = SwiftAlertTests;
			productReference = 819C93871A90AE9F00403B74 /* SwiftAlertTests.xctest */;
			productType = "com.apple.product-type.bundle.unit-test";
		};
/* End PBXNativeTarget section */

/* Begin PBXProject section */
		819C93731A90AE9F00403B74 /* Project object */ = {
			isa = PBXProject;
			attributes = {
				LastUpgradeCheck = 0610;
				ORGANIZATIONNAME = "Ivan Fabijanović";
				TargetAttributes = {
					819C937B1A90AE9F00403B74 = {
						CreatedOnToolsVersion = 6.1.1;
					};
					819C93861A90AE9F00403B74 = {
						CreatedOnToolsVersion = 6.1.1;
					};
				};
			};
			buildConfigurationList = 819C93761A90AE9F00403B74 /* Build configuration list for PBXProject "SwiftAlert" */;
			compatibilityVersion = "Xcode 3.2";
			developmentRegion = English;
			hasScannedForEncodings = 0;
			knownRegions = (
				en,
			);
			mainGroup = 819C93721A90AE9F00403B74;
			productRefGroup = 819C937D1A90AE9F00403B74 /* Products */;
			projectDirPath = "";
			projectRoot = "";
			targets = (
				819C937B1A90AE9F00403B74 /* SwiftAlert */,
				819C93861A90AE9F00403B74 /* SwiftAlertTests */,
			);
		};
/* End PBXProject section */

/* Begin PBXResourcesBuildPhase section */
		819C937A1A90AE9F00403B74 /* Resources */ = {
			isa = PBXResourcesBuildPhase;
			buildActionMask = 2147483647;
			files = (
			);
			runOnlyForDeploymentPostprocessing = 0;
		};
		819C93851A90AE9F00403B74 /* Resources */ = {
			isa = PBXResourcesBuildPhase;
			buildActionMask = 2147483647;
			files = (
			);
			runOnlyForDeploymentPostprocessing = 0;
		};
/* End PBXResourcesBuildPhase section */

/* Begin PBXSourcesBuildPhase section */
		819C93771A90AE9F00403B74 /* Sources */ = {
			isa = PBXSourcesBuildPhase;
			buildActionMask = 2147483647;
			files = (
				81932DAF1A90B78700AD2330 /* Alert.swift in Sources */,
				81932DA21A90B78000AD2330 /* ActionSheetDelegate.swift in Sources */,
				81932DA81A90B78000AD2330 /* AlertIOS8.swift in Sources */,
				816B62EA1A925A7F006DB9D8 /* TestAlertFactory.swift in Sources */,
				816B62E71A925A71006DB9D8 /* TestAlert.swift in Sources */,
				81932DA41A90B78000AD2330 /* AlertDelegate.swift in Sources */,
				81932DB11A90B78700AD2330 /* AlertFactory.swift in Sources */,
				81932DAA1A90B78000AD2330 /* DelegateBase.swift in Sources */,
				81932DB31A90B78700AD2330 /* StandardAlertFactory.swift in Sources */,
				81932DA61A90B78000AD2330 /* AlertIOS7.swift in Sources */,
			);
			runOnlyForDeploymentPostprocessing = 0;
		};
		819C93831A90AE9F00403B74 /* Sources */ = {
			isa = PBXSourcesBuildPhase;
			buildActionMask = 2147483647;
			files = (
				81932DA71A90B78000AD2330 /* AlertIOS7.swift in Sources */,
				81932DAB1A90B78000AD2330 /* DelegateBase.swift in Sources */,
				816B62E81A925A71006DB9D8 /* TestAlert.swift in Sources */,
				816B62ED1A925D2A006DB9D8 /* TestAlertTests.swift in Sources */,
				81932DA31A90B78000AD2330 /* ActionSheetDelegate.swift in Sources */,
				81932DB41A90B78700AD2330 /* StandardAlertFactory.swift in Sources */,
				816B62EB1A925A7F006DB9D8 /* TestAlertFactory.swift in Sources */,
				81932DA51A90B78000AD2330 /* AlertDelegate.swift in Sources */,
				81932DB21A90B78700AD2330 /* AlertFactory.swift in Sources */,
				81932DA91A90B78000AD2330 /* AlertIOS8.swift in Sources */,
				81932DB01A90B78700AD2330 /* Alert.swift in Sources */,
			);
			runOnlyForDeploymentPostprocessing = 0;
		};
/* End PBXSourcesBuildPhase section */

/* Begin PBXTargetDependency section */
		819C938A1A90AE9F00403B74 /* PBXTargetDependency */ = {
			isa = PBXTargetDependency;
			target = 819C937B1A90AE9F00403B74 /* SwiftAlert */;
			targetProxy = 819C93891A90AE9F00403B74 /* PBXContainerItemProxy */;
		};
/* End PBXTargetDependency section */

/* Begin XCBuildConfiguration section */
		819C93901A90AE9F00403B74 /* Debug */ = {
			isa = XCBuildConfiguration;
			buildSettings = {
				ALWAYS_SEARCH_USER_PATHS = NO;
				CLANG_CXX_LANGUAGE_STANDARD = "gnu++0x";
				CLANG_CXX_LIBRARY = "libc++";
				CLANG_ENABLE_MODULES = YES;
				CLANG_ENABLE_OBJC_ARC = YES;
				CLANG_WARN_BOOL_CONVERSION = YES;
				CLANG_WARN_CONSTANT_CONVERSION = YES;
				CLANG_WARN_DIRECT_OBJC_ISA_USAGE = YES_ERROR;
				CLANG_WARN_EMPTY_BODY = YES;
				CLANG_WARN_ENUM_CONVERSION = YES;
				CLANG_WARN_INT_CONVERSION = YES;
				CLANG_WARN_OBJC_ROOT_CLASS = YES_ERROR;
				CLANG_WARN_UNREACHABLE_CODE = YES;
				CLANG_WARN__DUPLICATE_METHOD_MATCH = YES;
				"CODE_SIGN_IDENTITY[sdk=iphoneos*]" = "iPhone Developer";
				COPY_PHASE_STRIP = NO;
				CURRENT_PROJECT_VERSION = 1;
				ENABLE_STRICT_OBJC_MSGSEND = YES;
				GCC_C_LANGUAGE_STANDARD = gnu99;
				GCC_DYNAMIC_NO_PIC = NO;
				GCC_OPTIMIZATION_LEVEL = 0;
				GCC_PREPROCESSOR_DEFINITIONS = (
					"DEBUG=1",
					"$(inherited)",
				);
				GCC_SYMBOLS_PRIVATE_EXTERN = NO;
				GCC_WARN_64_TO_32_BIT_CONVERSION = YES;
				GCC_WARN_ABOUT_RETURN_TYPE = YES_ERROR;
				GCC_WARN_UNDECLARED_SELECTOR = YES;
				GCC_WARN_UNINITIALIZED_AUTOS = YES_AGGRESSIVE;
				GCC_WARN_UNUSED_FUNCTION = YES;
				GCC_WARN_UNUSED_VARIABLE = YES;
				IPHONEOS_DEPLOYMENT_TARGET = 7.0;
				MTL_ENABLE_DEBUG_INFO = YES;
				ONLY_ACTIVE_ARCH = YES;
				SDKROOT = iphoneos;
				SWIFT_OPTIMIZATION_LEVEL = "-Onone";
				TARGETED_DEVICE_FAMILY = "1,2";
				VERSIONING_SYSTEM = "apple-generic";
				VERSION_INFO_PREFIX = "";
			};
			name = Debug;
		};
		819C93911A90AE9F00403B74 /* Release */ = {
			isa = XCBuildConfiguration;
			buildSettings = {
				ALWAYS_SEARCH_USER_PATHS = NO;
				CLANG_CXX_LANGUAGE_STANDARD = "gnu++0x";
				CLANG_CXX_LIBRARY = "libc++";
				CLANG_ENABLE_MODULES = YES;
				CLANG_ENABLE_OBJC_ARC = YES;
				CLANG_WARN_BOOL_CONVERSION = YES;
				CLANG_WARN_CONSTANT_CONVERSION = YES;
				CLANG_WARN_DIRECT_OBJC_ISA_USAGE = YES_ERROR;
				CLANG_WARN_EMPTY_BODY = YES;
				CLANG_WARN_ENUM_CONVERSION = YES;
				CLANG_WARN_INT_CONVERSION = YES;
				CLANG_WARN_OBJC_ROOT_CLASS = YES_ERROR;
				CLANG_WARN_UNREACHABLE_CODE = YES;
				CLANG_WARN__DUPLICATE_METHOD_MATCH = YES;
				"CODE_SIGN_IDENTITY[sdk=iphoneos*]" = "iPhone Developer";
				COPY_PHASE_STRIP = YES;
				CURRENT_PROJECT_VERSION = 1;
				ENABLE_NS_ASSERTIONS = NO;
				ENABLE_STRICT_OBJC_MSGSEND = YES;
				GCC_C_LANGUAGE_STANDARD = gnu99;
				GCC_WARN_64_TO_32_BIT_CONVERSION = YES;
				GCC_WARN_ABOUT_RETURN_TYPE = YES_ERROR;
				GCC_WARN_UNDECLARED_SELECTOR = YES;
				GCC_WARN_UNINITIALIZED_AUTOS = YES_AGGRESSIVE;
				GCC_WARN_UNUSED_FUNCTION = YES;
				GCC_WARN_UNUSED_VARIABLE = YES;
				IPHONEOS_DEPLOYMENT_TARGET = 7.0;
				MTL_ENABLE_DEBUG_INFO = NO;
				SDKROOT = iphoneos;
				TARGETED_DEVICE_FAMILY = "1,2";
				VALIDATE_PRODUCT = YES;
				VERSIONING_SYSTEM = "apple-generic";
				VERSION_INFO_PREFIX = "";
			};
			name = Release;
		};
		819C93931A90AE9F00403B74 /* Debug */ = {
			isa = XCBuildConfiguration;
			buildSettings = {
				CLANG_ENABLE_MODULES = YES;
				DEFINES_MODULE = YES;
				DYLIB_COMPATIBILITY_VERSION = 1;
				DYLIB_CURRENT_VERSION = 1;
				DYLIB_INSTALL_NAME_BASE = "@rpath";
				INFOPLIST_FILE = SwiftAlert/Info.plist;
				INSTALL_PATH = "$(LOCAL_LIBRARY_DIR)/Frameworks";
				LD_RUNPATH_SEARCH_PATHS = "$(inherited) @executable_path/Frameworks @loader_path/Frameworks";
				PRODUCT_NAME = "$(TARGET_NAME)";
				SKIP_INSTALL = YES;
				SWIFT_OPTIMIZATION_LEVEL = "-Onone";
			};
			name = Debug;
		};
		819C93941A90AE9F00403B74 /* Release */ = {
			isa = XCBuildConfiguration;
			buildSettings = {
				CLANG_ENABLE_MODULES = YES;
				DEFINES_MODULE = YES;
				DYLIB_COMPATIBILITY_VERSION = 1;
				DYLIB_CURRENT_VERSION = 1;
				DYLIB_INSTALL_NAME_BASE = "@rpath";
				INFOPLIST_FILE = SwiftAlert/Info.plist;
				INSTALL_PATH = "$(LOCAL_LIBRARY_DIR)/Frameworks";
				LD_RUNPATH_SEARCH_PATHS = "$(inherited) @executable_path/Frameworks @loader_path/Frameworks";
				PRODUCT_NAME = "$(TARGET_NAME)";
				SKIP_INSTALL = YES;
			};
			name = Release;
		};
		819C93961A90AE9F00403B74 /* Debug */ = {
			isa = XCBuildConfiguration;
			buildSettings = {
				FRAMEWORK_SEARCH_PATHS = (
					"$(SDKROOT)/Developer/Library/Frameworks",
					"$(inherited)",
				);
				GCC_PREPROCESSOR_DEFINITIONS = (
					"DEBUG=1",
					"$(inherited)",
				);
				INFOPLIST_FILE = SwiftAlertTests/Info.plist;
				LD_RUNPATH_SEARCH_PATHS = "$(inherited) @executable_path/Frameworks @loader_path/Frameworks";
				PRODUCT_NAME = "$(TARGET_NAME)";
			};
			name = Debug;
		};
		819C93971A90AE9F00403B74 /* Release */ = {
			isa = XCBuildConfiguration;
			buildSettings = {
				FRAMEWORK_SEARCH_PATHS = (
					"$(SDKROOT)/Developer/Library/Frameworks",
					"$(inherited)",
				);
				INFOPLIST_FILE = SwiftAlertTests/Info.plist;
				LD_RUNPATH_SEARCH_PATHS = "$(inherited) @executable_path/Frameworks @loader_path/Frameworks";
				PRODUCT_NAME = "$(TARGET_NAME)";
			};
			name = Release;
		};
/* End XCBuildConfiguration section */

/* Begin XCConfigurationList section */
		819C93761A90AE9F00403B74 /* Build configuration list for PBXProject "SwiftAlert" */ = {
			isa = XCConfigurationList;
			buildConfigurations = (
				819C93901A90AE9F00403B74 /* Debug */,
				819C93911A90AE9F00403B74 /* Release */,
			);
			defaultConfigurationIsVisible = 0;
			defaultConfigurationName = Release;
		};
		819C93921A90AE9F00403B74 /* Build configuration list for PBXNativeTarget "SwiftAlert" */ = {
			isa = XCConfigurationList;
			buildConfigurations = (
				819C93931A90AE9F00403B74 /* Debug */,
				819C93941A90AE9F00403B74 /* Release */,
			);
			defaultConfigurationIsVisible = 0;
			defaultConfigurationName = Release;
		};
		819C93951A90AE9F00403B74 /* Build configuration list for PBXNativeTarget "SwiftAlertTests" */ = {
			isa = XCConfigurationList;
			buildConfigurations = (
				819C93961A90AE9F00403B74 /* Debug */,
				819C93971A90AE9F00403B74 /* Release */,
			);
			defaultConfigurationIsVisible = 0;
			defaultConfigurationName = Release;
		};
/* End XCConfigurationList section */
	};
	rootObject = 819C93731A90AE9F00403B74 /* Project object */;
}
